
Microsoft Visual Studio Solution File, Format Version 12.00
# Visual Studio Version 16
VisualStudioVersion = 16.0.31321.278
MinimumVisualStudioVersion = 10.0.40219.1
Project("{8BC9CEB8-8B4A-11D0-8D11-00A0C91BC942}") = "VOMMACamera", "VOMMACamera\VOMMACamera.vcxproj", "{89F476E8-3DCE-4BF2-BC39-C707D158C8EB}"
EndProject
Project("{8BC9CEB8-8B4A-11D0-8D11-00A0C91BC942}") = "ConsoleTest", "ConsoleTest\ConsoleTest.vcxproj", "{B1641B3A-BB45-49A1-B2C3-3317F8F8C5A4}"
EndProject
Project("{FAE04EC0-301F-11D3-BF4B-00C04F79EFBC}") = "WinformTest", "WinformTest\WinformTest.csproj", "{03E41512-093B-4E19-BCD5-AA8E116E3584}"
EndProject
Global
	GlobalSection(SolutionConfigurationPlatforms) = preSolution
		Debug|Any CPU = Debug|Any CPU
		Debug|x64 = Debug|x64
		Debug|x86 = Debug|x86
		Release|Any CPU = Release|Any CPU
		Release|x64 = Release|x64
		Release|x86 = Release|x86
	EndGlobalSection
	GlobalSection(ProjectConfigurationPlatforms) = postSolution
		{89F476E8-3DCE-4BF2-BC39-C707D158C8EB}.Debug|Any CPU.ActiveCfg = Debug|Win32
		{89F476E8-3DCE-4BF2-BC39-C707D158C8EB}.Debug|x64.ActiveCfg = Debug|x64
		{89F476E8-3DCE-4BF2-BC39-C707D158C8EB}.Debug|x64.Build.0 = Debug|x64
		{89F476E8-3DCE-4BF2-BC39-C707D158C8EB}.Debug|x86.ActiveCfg = Debug|Win32
		{89F476E8-3DCE-4BF2-BC39-C707D158C8EB}.Debug|x86.Build.0 = Debug|Win32
		{89F476E8-3DCE-4BF2-BC39-C707D158C8EB}.Release|Any CPU.ActiveCfg = Release|Win32
		{89F476E8-3DCE-4BF2-BC39-C707D158C8EB}.Release|x64.ActiveCfg = Release|x64
		{89F476E8-3DCE-4BF2-BC39-C707D158C8EB}.Release|x64.Build.0 = Release|x64
		{89F476E8-3DCE-4BF2-BC39-C707D158C8EB}.Release|x86.ActiveCfg = Release|Win32
		{89F476E8-3DCE-4BF2-BC39-C707D158C8EB}.Release|x86.Build.0 = Release|Win32
		{B1641B3A-BB45-49A1-B2C3-3317F8F8C5A4}.Debug|Any CPU.ActiveCfg = Debug|Win32
		{B1641B3A-BB45-49A1-B2C3-3317F8F8C5A4}.Debug|x64.ActiveCfg = Debug|x64
		{B1641B3A-BB45-49A1-B2C3-3317F8F8C5A4}.Debug|x64.Build.0 = Debug|x64
		{B1641B3A-BB45-49A1-B2C3-3317F8F8C5A4}.Debug|x86.ActiveCfg = Debug|Win32
		{B1641B3A-BB45-49A1-B2C3-3317F8F8C5A4}.Debug|x86.Build.0 = Debug|Win32
		{B1641B3A-BB45-49A1-B2C3-3317F8F8C5A4}.Release|Any CPU.ActiveCfg = Release|Win32
		{B1641B3A-BB45-49A1-B2C3-3317F8F8C5A4}.Release|x64.ActiveCfg = Release|x64
		{B1641B3A-BB45-49A1-B2C3-3317F8F8C5A4}.Release|x64.Build.0 = Release|x64
		{B1641B3A-BB45-49A1-B2C3-3317F8F8C5A4}.Release|x86.ActiveCfg = Release|Win32
		{B1641B3A-BB45-49A1-B2C3-3317F8F8C5A4}.Release|x86.Build.0 = Release|Win32
		{03E41512-093B-4E19-BCD5-AA8E116E3584}.Debug|Any CPU.ActiveCfg = Debug|Any CPU
		{03E41512-093B-4E19-BCD5-AA8E116E3584}.Debug|Any CPU.Build.0 = Debug|Any CPU
		{03E41512-093B-4E19-BCD5-AA8E116E3584}.Debug|x64.ActiveCfg = Debug|Any CPU
		{03E41512-093B-4E19-BCD5-AA8E116E3584}.Debug|x64.Build.0 = Debug|Any CPU
		{03E41512-093B-4E19-BCD5-AA8E116E3584}.Debug|x86.ActiveCfg = Debug|Any CPU
		{03E41512-093B-4E19-BCD5-AA8E116E3584}.Debug|x86.Build.0 = Debug|Any CPU
		{03E41512-093B-4E19-BCD5-AA8E116E3584}.Release|Any CPU.ActiveCfg = Release|Any CPU
		{03E41512-093B-4E19-BCD5-AA8E116E3584}.Release|Any CPU.Build.0 = Release|Any CPU
		{03E41512-093B-4E19-BCD5-AA8E116E3584}.Release|x64.ActiveCfg = Release|Any CPU
		{03E41512-093B-4E19-BCD5-AA8E116E3584}.Release|x64.Build.0 = Release|Any CPU
		{03E41512-093B-4E19-BCD5-AA8E116E3584}.Release|x86.ActiveCfg = Release|Any CPU
		{03E41512-093B-4E19-BCD5-AA8E116E3584}.Release|x86.Build.0 = Release|Any CPU
	EndGlobalSection
	GlobalSection(SolutionProperties) = preSolution
		HideSolutionNode = FALSE
	EndGlobalSection
	GlobalSection(ExtensibilityGlobals) = postSolution
		SolutionGuid = {33CC0669-FED7-48AA-A687-0E447722DF0B}
	EndGlobalSection
EndGlobal
